
Microsoft Visual Studio Solution File, Format Version 12.00
# Visual Studio 14
VisualStudioVersion = 14.0.25420.1
MinimumVisualStudioVersion = 10.0.40219.1
Project("{FAE04EC0-301F-11D3-BF4B-00C04F79EFBC}") = "Youpload", "Youpload.csproj", "{9DFD78F6-1AFE-465C-947B-692A93DB6061}"
EndProject
Project("{FAE04EC0-301F-11D3-BF4B-00C04F79EFBC}") = "ShareX.ScreenCaptureLib", "ShareX.ScreenCaptureLib\ShareX.ScreenCaptureLib.csproj", "{DBDB0DAA-B3AE-4CC4-A8C2-20550B7F32E3}"
EndProject
Project("{FAE04EC0-301F-11D3-BF4B-00C04F79EFBC}") = "ShareX.HelpersLib", "ShareX.HelpersLib\ShareX.HelpersLib.csproj", "{327750E1-9FB7-4CC3-8AEA-9BC42180CAD3}"
EndProject
Global
	GlobalSection(SolutionConfigurationPlatforms) = preSolution
		Debug|Any CPU = Debug|Any CPU
		Release|Any CPU = Release|Any CPU
		Steam|Any CPU = Steam|Any CPU
	EndGlobalSection
	GlobalSection(ProjectConfigurationPlatforms) = postSolution
		{9DFD78F6-1AFE-465C-947B-692A93DB6061}.Debug|Any CPU.ActiveCfg = Debug|Any CPU
		{9DFD78F6-1AFE-465C-947B-692A93DB6061}.Debug|Any CPU.Build.0 = Debug|Any CPU
		{9DFD78F6-1AFE-465C-947B-692A93DB6061}.Release|Any CPU.ActiveCfg = Release|Any CPU
		{9DFD78F6-1AFE-465C-947B-692A93DB6061}.Release|Any CPU.Build.0 = Release|Any CPU
		{9DFD78F6-1AFE-465C-947B-692A93DB6061}.Steam|Any CPU.ActiveCfg = Release|Any CPU
		{9DFD78F6-1AFE-465C-947B-692A93DB6061}.Steam|Any CPU.Build.0 = Release|Any CPU
		{DBDB0DAA-B3AE-4CC4-A8C2-20550B7F32E3}.Debug|Any CPU.ActiveCfg = Debug|Any CPU
		{DBDB0DAA-B3AE-4CC4-A8C2-20550B7F32E3}.Debug|Any CPU.Build.0 = Debug|Any CPU
		{DBDB0DAA-B3AE-4CC4-A8C2-20550B7F32E3}.Release|Any CPU.ActiveCfg = Release|Any CPU
		{DBDB0DAA-B3AE-4CC4-A8C2-20550B7F32E3}.Release|Any CPU.Build.0 = Release|Any CPU
		{DBDB0DAA-B3AE-4CC4-A8C2-20550B7F32E3}.Steam|Any CPU.ActiveCfg = Steam|Any CPU
		{DBDB0DAA-B3AE-4CC4-A8C2-20550B7F32E3}.Steam|Any CPU.Build.0 = Steam|Any CPU
		{327750E1-9FB7-4CC3-8AEA-9BC42180CAD3}.Debug|Any CPU.ActiveCfg = Debug|Any CPU
		{327750E1-9FB7-4CC3-8AEA-9BC42180CAD3}.Debug|Any CPU.Build.0 = Debug|Any CPU
		{327750E1-9FB7-4CC3-8AEA-9BC42180CAD3}.Release|Any CPU.ActiveCfg = Release|Any CPU
		{327750E1-9FB7-4CC3-8AEA-9BC42180CAD3}.Release|Any CPU.Build.0 = Release|Any CPU
		{327750E1-9FB7-4CC3-8AEA-9BC42180CAD3}.Steam|Any CPU.ActiveCfg = Steam|Any CPU
		{327750E1-9FB7-4CC3-8AEA-9BC42180CAD3}.Steam|Any CPU.Build.0 = Steam|Any CPU
	EndGlobalSection
	GlobalSection(SolutionProperties) = preSolution
		HideSolutionNode = FALSE
	EndGlobalSection
EndGlobal
