
Microsoft Visual Studio Solution File, Format Version 12.00
# Visual Studio Version 16
VisualStudioVersion = 16.0.30002.166
MinimumVisualStudioVersion = 10.0.40219.1
Project("{FAE04EC0-301F-11D3-BF4B-00C04F79EFBC}") = "Youpload", "Youpload.csproj", "{CDA51A9E-01A8-4E70-887A-DAC070F2848F}"
EndProject
Project("{FAE04EC0-301F-11D3-BF4B-00C04F79EFBC}") = "ShareX.ScreenCaptureLib", "ShareX\ShareX.ScreenCaptureLib\ShareX.ScreenCaptureLib.csproj", "{DBDB0DAA-B3AE-4CC4-A8C2-20550B7F32E3}"
EndProject
Project("{FAE04EC0-301F-11D3-BF4B-00C04F79EFBC}") = "ShareX.MediaLib", "ShareX\ShareX.MediaLib\ShareX.MediaLib.csproj", "{1A190E53-1419-4CC2-B0E5-3BC7EA861C8B}"
EndProject
Project("{FAE04EC0-301F-11D3-BF4B-00C04F79EFBC}") = "ShareX.ImageEffectsLib", "ShareX\ShareX.ImageEffectsLib\ShareX.ImageEffectsLib.csproj", "{D13441B6-96E1-4D1B-8A95-58A7D6CB1E24}"
EndProject
Project("{FAE04EC0-301F-11D3-BF4B-00C04F79EFBC}") = "ShareX.HelpersLib", "ShareX\ShareX.HelpersLib\ShareX.HelpersLib.csproj", "{327750E1-9FB7-4CC3-8AEA-9BC42180CAD3}"
EndProject
Global
	GlobalSection(SolutionConfigurationPlatforms) = preSolution
		Debug|Any CPU = Debug|Any CPU
		Release|Any CPU = Release|Any CPU
		Steam|Any CPU = Steam|Any CPU
		WindowsStore|Any CPU = WindowsStore|Any CPU
		WindowsStoreDebug|Any CPU = WindowsStoreDebug|Any CPU
	EndGlobalSection
	GlobalSection(ProjectConfigurationPlatforms) = postSolution
		{CDA51A9E-01A8-4E70-887A-DAC070F2848F}.Debug|Any CPU.ActiveCfg = Debug|Any CPU
		{CDA51A9E-01A8-4E70-887A-DAC070F2848F}.Debug|Any CPU.Build.0 = Debug|Any CPU
		{CDA51A9E-01A8-4E70-887A-DAC070F2848F}.Release|Any CPU.ActiveCfg = Release|Any CPU
		{CDA51A9E-01A8-4E70-887A-DAC070F2848F}.Release|Any CPU.Build.0 = Release|Any CPU
		{CDA51A9E-01A8-4E70-887A-DAC070F2848F}.Steam|Any CPU.ActiveCfg = Release|Any CPU
		{CDA51A9E-01A8-4E70-887A-DAC070F2848F}.Steam|Any CPU.Build.0 = Release|Any CPU
		{CDA51A9E-01A8-4E70-887A-DAC070F2848F}.WindowsStore|Any CPU.ActiveCfg = Release|Any CPU
		{CDA51A9E-01A8-4E70-887A-DAC070F2848F}.WindowsStore|Any CPU.Build.0 = Release|Any CPU
		{CDA51A9E-01A8-4E70-887A-DAC070F2848F}.WindowsStoreDebug|Any CPU.ActiveCfg = Debug|Any CPU
		{CDA51A9E-01A8-4E70-887A-DAC070F2848F}.WindowsStoreDebug|Any CPU.Build.0 = Debug|Any CPU
		{DBDB0DAA-B3AE-4CC4-A8C2-20550B7F32E3}.Debug|Any CPU.ActiveCfg = Debug|Any CPU
		{DBDB0DAA-B3AE-4CC4-A8C2-20550B7F32E3}.Debug|Any CPU.Build.0 = Debug|Any CPU
		{DBDB0DAA-B3AE-4CC4-A8C2-20550B7F32E3}.Release|Any CPU.ActiveCfg = Release|Any CPU
		{DBDB0DAA-B3AE-4CC4-A8C2-20550B7F32E3}.Release|Any CPU.Build.0 = Release|Any CPU
		{DBDB0DAA-B3AE-4CC4-A8C2-20550B7F32E3}.Steam|Any CPU.ActiveCfg = Steam|Any CPU
		{DBDB0DAA-B3AE-4CC4-A8C2-20550B7F32E3}.Steam|Any CPU.Build.0 = Steam|Any CPU
		{DBDB0DAA-B3AE-4CC4-A8C2-20550B7F32E3}.WindowsStore|Any CPU.ActiveCfg = WindowsStore|Any CPU
		{DBDB0DAA-B3AE-4CC4-A8C2-20550B7F32E3}.WindowsStore|Any CPU.Build.0 = WindowsStore|Any CPU
		{DBDB0DAA-B3AE-4CC4-A8C2-20550B7F32E3}.WindowsStoreDebug|Any CPU.ActiveCfg = WindowsStoreDebug|Any CPU
		{DBDB0DAA-B3AE-4CC4-A8C2-20550B7F32E3}.WindowsStoreDebug|Any CPU.Build.0 = WindowsStoreDebug|Any CPU
		{1A190E53-1419-4CC2-B0E5-3BC7EA861C8B}.Debug|Any CPU.ActiveCfg = Debug|Any CPU
		{1A190E53-1419-4CC2-B0E5-3BC7EA861C8B}.Debug|Any CPU.Build.0 = Debug|Any CPU
		{1A190E53-1419-4CC2-B0E5-3BC7EA861C8B}.Release|Any CPU.ActiveCfg = Release|Any CPU
		{1A190E53-1419-4CC2-B0E5-3BC7EA861C8B}.Release|Any CPU.Build.0 = Release|Any CPU
		{1A190E53-1419-4CC2-B0E5-3BC7EA861C8B}.Steam|Any CPU.ActiveCfg = Steam|Any CPU
		{1A190E53-1419-4CC2-B0E5-3BC7EA861C8B}.Steam|Any CPU.Build.0 = Steam|Any CPU
		{1A190E53-1419-4CC2-B0E5-3BC7EA861C8B}.WindowsStore|Any CPU.ActiveCfg = WindowsStore|Any CPU
		{1A190E53-1419-4CC2-B0E5-3BC7EA861C8B}.WindowsStore|Any CPU.Build.0 = WindowsStore|Any CPU
		{1A190E53-1419-4CC2-B0E5-3BC7EA861C8B}.WindowsStoreDebug|Any CPU.ActiveCfg = WindowsStoreDebug|Any CPU
		{1A190E53-1419-4CC2-B0E5-3BC7EA861C8B}.WindowsStoreDebug|Any CPU.Build.0 = WindowsStoreDebug|Any CPU
		{D13441B6-96E1-4D1B-8A95-58A7D6CB1E24}.Debug|Any CPU.ActiveCfg = Debug|Any CPU
		{D13441B6-96E1-4D1B-8A95-58A7D6CB1E24}.Debug|Any CPU.Build.0 = Debug|Any CPU
		{D13441B6-96E1-4D1B-8A95-58A7D6CB1E24}.Release|Any CPU.ActiveCfg = Release|Any CPU
		{D13441B6-96E1-4D1B-8A95-58A7D6CB1E24}.Release|Any CPU.Build.0 = Release|Any CPU
		{D13441B6-96E1-4D1B-8A95-58A7D6CB1E24}.Steam|Any CPU.ActiveCfg = Steam|Any CPU
		{D13441B6-96E1-4D1B-8A95-58A7D6CB1E24}.Steam|Any CPU.Build.0 = Steam|Any CPU
		{D13441B6-96E1-4D1B-8A95-58A7D6CB1E24}.WindowsStore|Any CPU.ActiveCfg = WindowsStore|Any CPU
		{D13441B6-96E1-4D1B-8A95-58A7D6CB1E24}.WindowsStore|Any CPU.Build.0 = WindowsStore|Any CPU
		{D13441B6-96E1-4D1B-8A95-58A7D6CB1E24}.WindowsStoreDebug|Any CPU.ActiveCfg = WindowsStoreDebug|Any CPU
		{D13441B6-96E1-4D1B-8A95-58A7D6CB1E24}.WindowsStoreDebug|Any CPU.Build.0 = WindowsStoreDebug|Any CPU
		{327750E1-9FB7-4CC3-8AEA-9BC42180CAD3}.Debug|Any CPU.ActiveCfg = Debug|Any CPU
		{327750E1-9FB7-4CC3-8AEA-9BC42180CAD3}.Debug|Any CPU.Build.0 = Debug|Any CPU
		{327750E1-9FB7-4CC3-8AEA-9BC42180CAD3}.Release|Any CPU.ActiveCfg = Release|Any CPU
		{327750E1-9FB7-4CC3-8AEA-9BC42180CAD3}.Release|Any CPU.Build.0 = Release|Any CPU
		{327750E1-9FB7-4CC3-8AEA-9BC42180CAD3}.Steam|Any CPU.ActiveCfg = Steam|Any CPU
		{327750E1-9FB7-4CC3-8AEA-9BC42180CAD3}.Steam|Any CPU.Build.0 = Steam|Any CPU
		{327750E1-9FB7-4CC3-8AEA-9BC42180CAD3}.WindowsStore|Any CPU.ActiveCfg = WindowsStore|Any CPU
		{327750E1-9FB7-4CC3-8AEA-9BC42180CAD3}.WindowsStore|Any CPU.Build.0 = WindowsStore|Any CPU
		{327750E1-9FB7-4CC3-8AEA-9BC42180CAD3}.WindowsStoreDebug|Any CPU.ActiveCfg = WindowsStoreDebug|Any CPU
		{327750E1-9FB7-4CC3-8AEA-9BC42180CAD3}.WindowsStoreDebug|Any CPU.Build.0 = WindowsStoreDebug|Any CPU
	EndGlobalSection
	GlobalSection(SolutionProperties) = preSolution
		HideSolutionNode = FALSE
	EndGlobalSection
	GlobalSection(ExtensibilityGlobals) = postSolution
		SolutionGuid = {F2415340-BAFE-4797-9EFC-3E1486BD6B64}
	EndGlobalSection
EndGlobal
